
Microsoft Visual Studio Solution File, Format Version 12.00
# Visual Studio 15
VisualStudioVersion = 15.0.28307.1433
MinimumVisualStudioVersion = 10.0.40219.1
Project("{FAE04EC0-301F-11D3-BF4B-00C04F79EFBC}") = "MyMQTT", "MyMQTT\MyMQTT.csproj", "{ADE0F9E3-0933-46E7-A5FC-3D02E66F6636}"
EndProject
Project("{FAE04EC0-301F-11D3-BF4B-00C04F79EFBC}") = "Models", "..\AppMobile\Models\Models.csproj", "{9CB60CA1-23F5-4E8B-AC21-AC91D40D47FA}"
EndProject
Global
	GlobalSection(SolutionConfigurationPlatforms) = preSolution
		Debug|Any CPU = Debug|Any CPU
		Release|Any CPU = Release|Any CPU
	EndGlobalSection
	GlobalSection(ProjectConfigurationPlatforms) = postSolution
		{ADE0F9E3-0933-46E7-A5FC-3D02E66F6636}.Debug|Any CPU.ActiveCfg = Debug|Any CPU
		{ADE0F9E3-0933-46E7-A5FC-3D02E66F6636}.Debug|Any CPU.Build.0 = Debug|Any CPU
		{ADE0F9E3-0933-46E7-A5FC-3D02E66F6636}.Release|Any CPU.ActiveCfg = Release|Any CPU
		{ADE0F9E3-0933-46E7-A5FC-3D02E66F6636}.Release|Any CPU.Build.0 = Release|Any CPU
		{9CB60CA1-23F5-4E8B-AC21-AC91D40D47FA}.Debug|Any CPU.ActiveCfg = Debug|Any CPU
		{9CB60CA1-23F5-4E8B-AC21-AC91D40D47FA}.Debug|Any CPU.Build.0 = Debug|Any CPU
		{9CB60CA1-23F5-4E8B-AC21-AC91D40D47FA}.Release|Any CPU.ActiveCfg = Release|Any CPU
		{9CB60CA1-23F5-4E8B-AC21-AC91D40D47FA}.Release|Any CPU.Build.0 = Release|Any CPU
	EndGlobalSection
	GlobalSection(SolutionProperties) = preSolution
		HideSolutionNode = FALSE
	EndGlobalSection
	GlobalSection(ExtensibilityGlobals) = postSolution
		SolutionGuid = {927DF84A-94D2-4FDE-8004-AD93C1F623F8}
	EndGlobalSection
EndGlobal
